{
    "_readme": [
        "This file locks the dependencies of your project to a known state",
        "Read more about it at https://getcomposer.org/doc/01-basic-usage.md#installing-dependencies",
        "This file is @generated automatically"
    ],
    "content-hash": "183b4b6b19a3596dd71075a9be537e7e",
    "packages": [
        {
            "name": "amphp/amp",
            "version": "v2.4.0",
            "source": {
                "type": "git",
                "url": "https://github.com/amphp/amp.git",
                "reference": "13930a582947831bb66ff1aeac28672fd91c38ea"
            },
            "dist": {
                "type": "zip",
                "url": "https://api.github.com/repos/amphp/amp/zipball/13930a582947831bb66ff1aeac28672fd91c38ea",
                "reference": "13930a582947831bb66ff1aeac28672fd91c38ea",
                "shasum": ""
            },
            "require": {
                "php": ">=7"
            },
            "require-dev": {
                "amphp/php-cs-fixer-config": "dev-master",
                "amphp/phpunit-util": "^1",
                "ext-json": "*",
                "phpstan/phpstan": "^0.8.5",
                "phpunit/phpunit": "^6.0.9 | ^7",
                "react/promise": "^2"
            },
            "type": "library",
            "extra": {
                "branch-alias": {
                    "dev-master": "2.0.x-dev"
                }
            },
            "autoload": {
                "psr-4": {
                    "Amp\\": "lib"
                },
                "files": [
                    "lib/functions.php",
                    "lib/Internal/functions.php"
                ]
            },
            "notification-url": "https://packagist.org/downloads/",
            "license": [
                "MIT"
            ],
            "authors": [
                {
                    "name": "Daniel Lowrey",
                    "email": "rdlowrey@php.net"
                },
                {
                    "name": "Aaron Piotrowski",
                    "email": "aaron@trowski.com"
                },
                {
                    "name": "Bob Weinand",
                    "email": "bobwei9@hotmail.com"
                },
                {
                    "name": "Niklas Keller",
                    "email": "me@kelunik.com"
                }
            ],
            "description": "A non-blocking concurrency framework for PHP applications.",
            "homepage": "http://amphp.org/amp",
            "keywords": [
                "async",
                "asynchronous",
                "awaitable",
                "concurrency",
                "event",
                "event-loop",
                "future",
                "non-blocking",
                "promise"
            ],
            "time": "2019-11-11T19:32:05+00:00"
        },
        {
            "name": "amphp/byte-stream",
            "version": "v1.7.1",
            "source": {
                "type": "git",
                "url": "https://github.com/amphp/byte-stream.git",
                "reference": "9d8205686a004948475dc43f8a88d2fa5e75a113"
            },
            "dist": {
                "type": "zip",
                "url": "https://api.github.com/repos/amphp/byte-stream/zipball/9d8205686a004948475dc43f8a88d2fa5e75a113",
                "reference": "9d8205686a004948475dc43f8a88d2fa5e75a113",
                "shasum": ""
            },
            "require": {
                "amphp/amp": "^2"
            },
            "require-dev": {
                "amphp/php-cs-fixer-config": "dev-master",
                "amphp/phpunit-util": "^1",
                "friendsofphp/php-cs-fixer": "^2.3",
                "infection/infection": "^0.9.3",
                "phpunit/phpunit": "^6"
            },
            "type": "library",
            "autoload": {
                "psr-4": {
                    "Amp\\ByteStream\\": "lib"
                },
                "files": [
                    "lib/functions.php"
                ]
            },
            "notification-url": "https://packagist.org/downloads/",
            "license": [
                "MIT"
            ],
            "authors": [
                {
                    "name": "Aaron Piotrowski",
                    "email": "aaron@trowski.com"
                },
                {
                    "name": "Niklas Keller",
                    "email": "me@kelunik.com"
                }
            ],
            "description": "A stream abstraction to make working with non-blocking I/O simple.",
            "homepage": "http://amphp.org/byte-stream",
            "keywords": [
                "amp",
                "amphp",
                "async",
                "io",
                "non-blocking",
                "stream"
            ],
            "time": "2019-10-27T14:33:41+00:00"
        },
        {
            "name": "amphp/parallel",
            "version": "v1.2.0",
            "source": {
                "type": "git",
                "url": "https://github.com/amphp/parallel.git",
                "reference": "53aa422eaf89a539b4df58284f7bdf5219e37f66"
            },
            "dist": {
                "type": "zip",
                "url": "https://api.github.com/repos/amphp/parallel/zipball/53aa422eaf89a539b4df58284f7bdf5219e37f66",
                "reference": "53aa422eaf89a539b4df58284f7bdf5219e37f66",
                "shasum": ""
            },
            "require": {
                "amphp/amp": "^2",
                "amphp/byte-stream": "^1.5",
                "amphp/parser": "^1",
                "amphp/process": "^1",
                "amphp/sync": "^1.0.1"
            },
            "require-dev": {
                "amphp/php-cs-fixer-config": "dev-master",
                "amphp/phpunit-util": "^1",
                "phpunit/phpunit": "^6"
            },
            "type": "library",
            "autoload": {
                "psr-4": {
                    "Amp\\Parallel\\": "lib"
                },
                "files": [
                    "lib/Worker/functions.php"
                ]
            },
            "notification-url": "https://packagist.org/downloads/",
            "license": [
                "MIT"
            ],
            "authors": [
                {
                    "name": "Stephen Coakley",
                    "email": "me@stephencoakley.com"
                },
                {
                    "name": "Aaron Piotrowski",
                    "email": "aaron@trowski.com"
                }
            ],
            "description": "Parallel processing component for Amp.",
            "homepage": "https://github.com/amphp/parallel",
            "keywords": [
                "async",
                "asynchronous",
                "concurrent",
                "multi-processing",
                "multi-threading"
            ],
            "time": "2019-05-11T17:13:47+00:00"
        },
        {
            "name": "amphp/parser",
            "version": "v1.0.0",
            "source": {
                "type": "git",
                "url": "https://github.com/amphp/parser.git",
                "reference": "f83e68f03d5b8e8e0365b8792985a7f341c57ae1"
            },
            "dist": {
                "type": "zip",
                "url": "https://api.github.com/repos/amphp/parser/zipball/f83e68f03d5b8e8e0365b8792985a7f341c57ae1",
                "reference": "f83e68f03d5b8e8e0365b8792985a7f341c57ae1",
                "shasum": ""
            },
            "require": {
                "php": ">=7"
            },
            "require-dev": {
                "friendsofphp/php-cs-fixer": "^2.3",
                "phpunit/phpunit": "^6"
            },
            "type": "library",
            "autoload": {
                "psr-4": {
                    "Amp\\Parser\\": "lib"
                }
            },
            "notification-url": "https://packagist.org/downloads/",
            "license": [
                "MIT"
            ],
            "authors": [
                {
                    "name": "Niklas Keller",
                    "email": "me@kelunik.com"
                },
                {
                    "name": "Aaron Piotrowski",
                    "email": "aaron@trowski.com"
                }
            ],
            "description": "A generator parser to make streaming parsers simple.",
            "homepage": "https://github.com/amphp/parser",
            "keywords": [
                "async",
                "non-blocking",
                "parser",
                "stream"
            ],
            "time": "2017-06-06T05:29:10+00:00"
        },
        {
            "name": "amphp/process",
            "version": "v1.1.0",
            "source": {
                "type": "git",
                "url": "https://github.com/amphp/process.git",
                "reference": "355b1e561b01c16ab3d78fada1ad47ccc96df70e"
            },
            "dist": {
                "type": "zip",
                "url": "https://api.github.com/repos/amphp/process/zipball/355b1e561b01c16ab3d78fada1ad47ccc96df70e",
                "reference": "355b1e561b01c16ab3d78fada1ad47ccc96df70e",
                "shasum": ""
            },
            "require": {
                "amphp/amp": "^2",
                "amphp/byte-stream": "^1.4",
                "php": ">=7"
            },
            "require-dev": {
                "amphp/php-cs-fixer-config": "dev-master",
                "amphp/phpunit-util": "^1",
                "phpunit/phpunit": "^6"
            },
            "type": "library",
            "autoload": {
                "psr-4": {
                    "Amp\\Process\\": "lib"
                },
                "files": [
                    "lib/functions.php"
                ]
            },
            "notification-url": "https://packagist.org/downloads/",
            "license": [
                "MIT"
            ],
            "authors": [
                {
                    "name": "Bob Weinand",
                    "email": "bobwei9@hotmail.com"
                },
                {
                    "name": "Niklas Keller",
                    "email": "me@kelunik.com"
                },
                {
                    "name": "Aaron Piotrowski",
                    "email": "aaron@trowski.com"
                }
            ],
            "description": "Asynchronous process manager.",
            "homepage": "https://github.com/amphp/process",
            "time": "2019-02-26T16:33:03+00:00"
        },
        {
            "name": "amphp/sync",
            "version": "v1.3.0",
            "source": {
                "type": "git",
                "url": "https://github.com/amphp/sync.git",
                "reference": "512d62e83c8b8d5c848183005c70e70df2bcca55"
            },
            "dist": {
                "type": "zip",
                "url": "https://api.github.com/repos/amphp/sync/zipball/512d62e83c8b8d5c848183005c70e70df2bcca55",
                "reference": "512d62e83c8b8d5c848183005c70e70df2bcca55",
                "shasum": ""
            },
            "require": {
                "amphp/amp": "^2.2",
                "php": ">=7.1"
            },
            "require-dev": {
                "amphp/php-cs-fixer-config": "dev-master",
                "amphp/phpunit-util": "^1.1",
                "phpunit/phpunit": "^8 || ^7"
            },
            "type": "library",
            "autoload": {
                "psr-4": {
                    "Amp\\Sync\\": "src"
                },
                "files": [
                    "src/functions.php"
                ]
            },
            "notification-url": "https://packagist.org/downloads/",
            "license": [
                "MIT"
            ],
            "authors": [
                {
                    "name": "Aaron Piotrowski",
                    "email": "aaron@trowski.com"
                },
                {
                    "name": "Stephen Coakley",
                    "email": "me@stephencoakley.com"
                }
            ],
            "description": "Mutex, Semaphore, and other synchronization tools for Amp.",
            "homepage": "https://github.com/amphp/sync",
            "keywords": [
                "async",
                "asynchronous",
                "mutex",
                "semaphore",
                "synchronization"
            ],
            "time": "2019-11-08T18:42:56+00:00"
        },
        {
            "name": "guzzlehttp/psr7",
            "version": "1.6.1",
            "source": {
                "type": "git",
                "url": "https://github.com/guzzle/psr7.git",
                "reference": "239400de7a173fe9901b9ac7c06497751f00727a"
            },
            "dist": {
                "type": "zip",
                "url": "https://api.github.com/repos/guzzle/psr7/zipball/239400de7a173fe9901b9ac7c06497751f00727a",
                "reference": "239400de7a173fe9901b9ac7c06497751f00727a",
                "shasum": ""
            },
            "require": {
                "php": ">=5.4.0",
                "psr/http-message": "~1.0",
                "ralouphie/getallheaders": "^2.0.5 || ^3.0.0"
            },
            "provide": {
                "psr/http-message-implementation": "1.0"
            },
            "require-dev": {
                "ext-zlib": "*",
                "phpunit/phpunit": "~4.8.36 || ^5.7.27 || ^6.5.8"
            },
            "suggest": {
                "zendframework/zend-httphandlerrunner": "Emit PSR-7 responses"
            },
            "type": "library",
            "extra": {
                "branch-alias": {
                    "dev-master": "1.6-dev"
                }
            },
            "autoload": {
                "psr-4": {
                    "GuzzleHttp\\Psr7\\": "src/"
                },
                "files": [
                    "src/functions_include.php"
                ]
            },
            "notification-url": "https://packagist.org/downloads/",
            "license": [
                "MIT"
            ],
            "authors": [
                {
                    "name": "Michael Dowling",
                    "email": "mtdowling@gmail.com",
                    "homepage": "https://github.com/mtdowling"
                },
                {
                    "name": "Tobias Schultze",
                    "homepage": "https://github.com/Tobion"
                }
            ],
            "description": "PSR-7 message implementation that also provides common utility methods",
            "keywords": [
                "http",
                "message",
                "psr-7",
                "request",
                "response",
                "stream",
                "uri",
                "url"
            ],
            "time": "2019-07-01T23:21:34+00:00"
        },
        {
            "name": "intervention/image",
            "version": "2.5.1",
            "source": {
                "type": "git",
                "url": "https://github.com/Intervention/image.git",
                "reference": "abbf18d5ab8367f96b3205ca3c89fb2fa598c69e"
            },
            "dist": {
                "type": "zip",
                "url": "https://api.github.com/repos/Intervention/image/zipball/abbf18d5ab8367f96b3205ca3c89fb2fa598c69e",
                "reference": "abbf18d5ab8367f96b3205ca3c89fb2fa598c69e",
                "shasum": ""
            },
            "require": {
                "ext-fileinfo": "*",
                "guzzlehttp/psr7": "~1.1",
                "php": ">=5.4.0"
            },
            "require-dev": {
                "mockery/mockery": "~0.9.2",
                "phpunit/phpunit": "^4.8 || ^5.7"
            },
            "suggest": {
                "ext-gd": "to use GD library based image processing.",
                "ext-imagick": "to use Imagick based image processing.",
                "intervention/imagecache": "Caching extension for the Intervention Image library"
            },
            "type": "library",
            "extra": {
                "branch-alias": {
                    "dev-master": "2.4-dev"
                },
                "laravel": {
                    "providers": [
                        "Intervention\\Image\\ImageServiceProvider"
                    ],
                    "aliases": {
                        "Image": "Intervention\\Image\\Facades\\Image"
                    }
                }
            },
            "autoload": {
                "psr-4": {
                    "Intervention\\Image\\": "src/Intervention/Image"
                }
            },
            "notification-url": "https://packagist.org/downloads/",
            "license": [
                "MIT"
            ],
            "authors": [
                {
                    "name": "Oliver Vogel",
                    "email": "oliver@olivervogel.com",
                    "homepage": "http://olivervogel.com/"
                }
            ],
            "description": "Image handling and manipulation library with support for Laravel integration",
            "homepage": "http://image.intervention.io/",
            "keywords": [
                "gd",
                "image",
                "imagick",
                "laravel",
                "thumbnail",
                "watermark"
            ],
            "time": "2019-11-02T09:15:47+00:00"
        },
        {
            "name": "league/csv",
            "version": "9.5.0",
            "source": {
                "type": "git",
                "url": "https://github.com/thephpleague/csv.git",
                "reference": "b348d09d0d258a4f068efb50a2510dc63101c213"
            },
            "dist": {
                "type": "zip",
                "url": "https://api.github.com/repos/thephpleague/csv/zipball/b348d09d0d258a4f068efb50a2510dc63101c213",
                "reference": "b348d09d0d258a4f068efb50a2510dc63101c213",
                "shasum": ""
            },
            "require": {
                "ext-dom": "*",
                "ext-json": "*",
                "ext-mbstring": "*",
                "php": ">=7.0.10"
            },
            "require-dev": {
                "ext-curl": "*",
                "friendsofphp/php-cs-fixer": "^2.12",
                "phpstan/phpstan": "^0.9.2",
                "phpstan/phpstan-phpunit": "^0.9.4",
                "phpstan/phpstan-strict-rules": "^0.9.0",
                "phpunit/phpunit": "^6.0"
            },
            "suggest": {
                "ext-iconv": "Needed to ease transcoding CSV using iconv stream filters"
            },
            "type": "library",
            "extra": {
                "branch-alias": {
                    "dev-master": "9.x-dev"
                }
            },
            "autoload": {
                "psr-4": {
                    "League\\Csv\\": "src"
                },
                "files": [
                    "src/functions_include.php"
                ]
            },
            "notification-url": "https://packagist.org/downloads/",
            "license": [
                "MIT"
            ],
            "authors": [
                {
                    "name": "Ignace Nyamagana Butera",
                    "email": "nyamsprod@gmail.com",
                    "homepage": "https://github.com/nyamsprod/",
                    "role": "Developer"
                }
            ],
            "description": "Csv data manipulation made easy in PHP",
            "homepage": "http://csv.thephpleague.com",
            "keywords": [
                "csv",
                "export",
                "filter",
                "import",
                "read",
                "write"
            ],
            "time": "2019-12-15T19:51:41+00:00"
        },
        {
            "name": "psr/http-message",
            "version": "1.0.1",
            "source": {
                "type": "git",
                "url": "https://github.com/php-fig/http-message.git",
                "reference": "f6561bf28d520154e4b0ec72be95418abe6d9363"
            },
            "dist": {
                "type": "zip",
                "url": "https://api.github.com/repos/php-fig/http-message/zipball/f6561bf28d520154e4b0ec72be95418abe6d9363",
                "reference": "f6561bf28d520154e4b0ec72be95418abe6d9363",
                "shasum": ""
            },
            "require": {
                "php": ">=5.3.0"
            },
            "type": "library",
            "extra": {
                "branch-alias": {
                    "dev-master": "1.0.x-dev"
                }
            },
            "autoload": {
                "psr-4": {
                    "Psr\\Http\\Message\\": "src/"
                }
            },
            "notification-url": "https://packagist.org/downloads/",
            "license": [
                "MIT"
            ],
            "authors": [
                {
                    "name": "PHP-FIG",
                    "homepage": "http://www.php-fig.org/"
                }
            ],
            "description": "Common interface for HTTP messages",
            "homepage": "https://github.com/php-fig/http-message",
            "keywords": [
                "http",
                "http-message",
                "psr",
                "psr-7",
                "request",
                "response"
            ],
            "time": "2016-08-06T14:39:51+00:00"
        },
        {
            "name": "psr/log",
            "version": "1.1.2",
            "source": {
                "type": "git",
                "url": "https://github.com/php-fig/log.git",
                "reference": "446d54b4cb6bf489fc9d75f55843658e6f25d801"
            },
            "dist": {
                "type": "zip",
                "url": "https://api.github.com/repos/php-fig/log/zipball/446d54b4cb6bf489fc9d75f55843658e6f25d801",
                "reference": "446d54b4cb6bf489fc9d75f55843658e6f25d801",
                "shasum": ""
            },
            "require": {
                "php": ">=5.3.0"
            },
            "type": "library",
            "extra": {
                "branch-alias": {
                    "dev-master": "1.1.x-dev"
                }
            },
            "autoload": {
                "psr-4": {
                    "Psr\\Log\\": "Psr/Log/"
                }
            },
            "notification-url": "https://packagist.org/downloads/",
            "license": [
                "MIT"
            ],
            "authors": [
                {
                    "name": "PHP-FIG",
                    "homepage": "http://www.php-fig.org/"
                }
            ],
            "description": "Common interface for logging libraries",
            "homepage": "https://github.com/php-fig/log",
            "keywords": [
                "log",
                "psr",
                "psr-3"
            ],
            "time": "2019-11-01T11:05:21+00:00"
        },
        {
            "name": "ralouphie/getallheaders",
            "version": "3.0.3",
            "source": {
                "type": "git",
                "url": "https://github.com/ralouphie/getallheaders.git",
                "reference": "120b605dfeb996808c31b6477290a714d356e822"
            },
            "dist": {
                "type": "zip",
                "url": "https://api.github.com/repos/ralouphie/getallheaders/zipball/120b605dfeb996808c31b6477290a714d356e822",
                "reference": "120b605dfeb996808c31b6477290a714d356e822",
                "shasum": ""
            },
            "require": {
                "php": ">=5.6"
            },
            "require-dev": {
                "php-coveralls/php-coveralls": "^2.1",
                "phpunit/phpunit": "^5 || ^6.5"
            },
            "type": "library",
            "autoload": {
                "files": [
                    "src/getallheaders.php"
                ]
            },
            "notification-url": "https://packagist.org/downloads/",
            "license": [
                "MIT"
            ],
            "authors": [
                {
                    "name": "Ralph Khattar",
                    "email": "ralph.khattar@gmail.com"
                }
            ],
            "description": "A polyfill for getallheaders.",
            "time": "2019-03-08T08:55:37+00:00"
        },
        {
            "name": "rubix/ml",
            "version": "0.0.18-beta",
            "source": {
                "type": "git",
                "url": "https://github.com/RubixML/RubixML.git",
                "reference": "43735305c6a0467206682c5c24227d93df7ec58e"
            },
            "dist": {
                "type": "zip",
                "url": "https://api.github.com/repos/RubixML/RubixML/zipball/43735305c6a0467206682c5c24227d93df7ec58e",
                "reference": "43735305c6a0467206682c5c24227d93df7ec58e",
                "shasum": ""
            },
            "require": {
                "amphp/parallel": "^1.2",
                "intervention/image": "^2.4",
                "php": ">=7.2",
                "psr/log": "^1.1",
                "rubix/tensor": "^2.0.1"
            },
            "require-dev": {
                "ext-gd": "*",
                "ext-igbinary": "*",
                "ext-redis": "*",
                "ext-svm": "*",
                "friendsofphp/php-cs-fixer": "^2.16",
                "phpbench/phpbench": "0.16.*",
                "phpstan/phpstan": "0.12.*",
                "phpstan/phpstan-phpunit": "0.12.*",
                "phpunit/phpunit": "8.4.*"
            },
            "suggest": {
                "ext-gd": "For image vectorization",
                "ext-igbinary": "For binary serialization of persistables",
                "ext-redis": "To persist models to a Redis DB",
                "ext-svm": "For Support Vector Machine engine (libsvm)",
                "ext-tensor": "For fast Matrix/Vector computing"
            },
            "type": "library",
            "autoload": {
                "psr-4": {
                    "Rubix\\ML\\": "src/"
                },
                "files": [
                    "src/constants.php",
                    "src/functions.php"
                ]
            },
            "notification-url": "https://packagist.org/downloads/",
            "license": [
                "MIT"
            ],
            "authors": [
                {
                    "name": "Andrew DalPino",
                    "email": "me@andrewdalpino.com",
                    "homepage": "https://andrewdalpino.com",
                    "role": "Lead Engineer"
                },
                {
                    "name": "Core Team",
                    "homepage": "https://github.com/orgs/RubixML/teams/core"
                },
                {
                    "name": "Contributors",
                    "homepage": "https://github.com/RubixML/RubixML/graphs/contributors"
                }
            ],
            "description": "A high-level machine learning and deep learning library for the PHP language.",
            "homepage": "https://rubixml.com",
            "keywords": [
                "Rubix",
                "ai",
                "analytics",
                "anomaly-detection",
                "artificial-intelligence",
                "classification",
                "clustering",
                "cross-validation",
                "data-mining",
                "data-science",
                "deep-learning",
                "dimensionality-reduction",
                "feature-extraction",
                "machine-learning",
                "manifold-learning",
                "ml",
                "neural-network",
                "php",
                "predictive-modeling",
                "regression"
            ],
            "time": "2019-12-30T07:05:30+00:00"
        },
        {
            "name": "rubix/tensor",
            "version": "2.0.3",
            "source": {
                "type": "git",
                "url": "https://github.com/RubixML/Tensor.git",
                "reference": "e14d89da37534b84f5a4576a7e96ea51e57151ef"
            },
            "dist": {
                "type": "zip",
                "url": "https://api.github.com/repos/RubixML/Tensor/zipball/e14d89da37534b84f5a4576a7e96ea51e57151ef",
                "reference": "e14d89da37534b84f5a4576a7e96ea51e57151ef",
                "shasum": ""
            },
            "require": {
                "php": ">=7.2"
            },
            "require-dev": {
                "friendsofphp/php-cs-fixer": "2.16.*",
                "phalcon/zephir": "^0.12.14",
                "phpbench/phpbench": "0.16.*",
                "phpstan/phpstan": "0.12.*",
                "phpstan/phpstan-phpunit": "0.12.*",
                "phpunit/phpunit": "8.5.*"
            },
            "type": "library",
            "autoload": {
                "psr-4": {
                    "Tensor\\": "src/",
                    "JAMA\\": "lib/JAMA"
                },
                "files": [
                    "src/constants.php"
                ]
            },
            "notification-url": "https://packagist.org/downloads/",
            "license": [
                "MIT"
            ],
            "authors": [
                {
                    "name": "Andrew DalPino",
                    "email": "me@andrewdalpino.com",
                    "homepage": "https://andrewdalpino.com",
                    "role": "Lead Engineer"
                }
            ],
            "description": "Tensor is a library and extension that provides objects for scientific computing in PHP.",
            "homepage": "https://github.com/RubixML/Tensor",
            "keywords": [
                "arithmetic",
                "computation",
                "linear-algebra",
                "math",
                "matrix",
                "php",
                "scientific-computing",
                "statistics",
                "tensor",
                "trigonometry",
                "vector"
            ],
            "time": "2020-01-14T05:06:35+00:00"
        }
    ],
    "packages-dev": [],
    "aliases": [],
    "minimum-stability": "stable",
    "stability-flags": {
        "rubix/ml": 10
    },
    "prefer-stable": false,
    "prefer-lowest": false,
    "platform": {
        "php": ">=7.2"
    },
    "platform-dev": []
}
